
Microsoft Visual Studio Solution File, Format Version 12.00
# Visual Studio 15
VisualStudioVersion = 15.0.28010.2036
MinimumVisualStudioVersion = 10.0.40219.1
Project("{2150E333-8FDC-42A3-9474-1A3956D46DE8}") = "Solution Items", "Solution Items", "{D7CBEB63-83FC-492B-80D1-0D97E3620314}"
	ProjectSection(SolutionItems) = preProject
		Index.html = Index.html
	EndProjectSection
EndProject
Project("{2150E333-8FDC-42A3-9474-1A3956D46DE8}") = "content", "content", "{A1F26B1E-F4C6-48B9-9A0D-1BC67E35D96C}"
	ProjectSection(SolutionItems) = preProject
		content\komorebi.js = content\komorebi.js
		content\modalBox.js = content\modalBox.js
	EndProjectSection
EndProject
Project("{2150E333-8FDC-42A3-9474-1A3956D46DE8}") = "resources", "resources", "{FA812A7B-8F5B-4C8F-B7D2-DD541F12A333}"
	ProjectSection(SolutionItems) = preProject
		resources\modalBox.css = resources\modalBox.css
		resources\stylesheet.css = resources\stylesheet.css
	EndProjectSection
EndProject
Project("{2150E333-8FDC-42A3-9474-1A3956D46DE8}") = "p", "p", "{9138A828-0772-42C8-B068-A91EE4139B4B}"
EndProject
Global
	GlobalSection(SolutionProperties) = preSolution
		HideSolutionNode = FALSE
	EndGlobalSection
	GlobalSection(NestedProjects) = preSolution
		{A1F26B1E-F4C6-48B9-9A0D-1BC67E35D96C} = {D7CBEB63-83FC-492B-80D1-0D97E3620314}
		{FA812A7B-8F5B-4C8F-B7D2-DD541F12A333} = {D7CBEB63-83FC-492B-80D1-0D97E3620314}
		{9138A828-0772-42C8-B068-A91EE4139B4B} = {D7CBEB63-83FC-492B-80D1-0D97E3620314}
	EndGlobalSection
	GlobalSection(ExtensibilityGlobals) = postSolution
		SolutionGuid = {CB7FDA5A-5031-4950-95F8-75F3EAF37559}
	EndGlobalSection
EndGlobal
